
Microsoft Visual Studio Solution File, Format Version 12.00
# Visual Studio Version 16
VisualStudioVersion = 16.0.31019.35
MinimumVisualStudioVersion = 10.0.40219.1
Project("{FAE04EC0-301F-11D3-BF4B-00C04F79EFBC}") = "Syncromote", "Syncromote.csproj", "{20392634-9130-47BD-9DF0-8035DDD3C99A}"
EndProject
Global
	GlobalSection(SolutionConfigurationPlatforms) = preSolution
		Debug|Any CPU = Debug|Any CPU
		Release|Any CPU = Release|Any CPU
	EndGlobalSection
	GlobalSection(ProjectConfigurationPlatforms) = postSolution
		{20392634-9130-47BD-9DF0-8035DDD3C99A}.Debug|Any CPU.ActiveCfg = Debug|Any CPU
		{20392634-9130-47BD-9DF0-8035DDD3C99A}.Debug|Any CPU.Build.0 = Debug|Any CPU
		{20392634-9130-47BD-9DF0-8035DDD3C99A}.Release|Any CPU.ActiveCfg = Release|Any CPU
		{20392634-9130-47BD-9DF0-8035DDD3C99A}.Release|Any CPU.Build.0 = Release|Any CPU
	EndGlobalSection
	GlobalSection(SolutionProperties) = preSolution
		HideSolutionNode = FALSE
	EndGlobalSection
	GlobalSection(ExtensibilityGlobals) = postSolution
		SolutionGuid = {FDAE98B4-21C7-4C26-BE73-8B1B3FF84B8D}
	EndGlobalSection
EndGlobal
